<?xml version="1.0" encoding="UTF-8" standalone="yes" ?>
<CodeBlocks_project_file>
	<FileVersion major="1" minor="6" />
	<Project>
		<Option title="laby" />
		<Option pch_mode="2" />
		<Option compiler="gcc" />
		<Build>
			<Target title="Linux">
				<Option output="bin/laby" prefix_auto="1" extension_auto="1" />
				<Option working_dir="media" />
				<Option object_output="temp" />
				<Option type="1" />
				<Option compiler="gcc" />
				<Compiler>
					<Add option="-Wall" />
					<Add option="-pg" />
					<Add option="-g" />
					<Add option="-DUNIX" />
					<Add option="-DDEBUG" />
					<Add directory="include" />
				</Compiler>
				<Linker>
					<Add option="-pg" />
					<Add library="sfml-audio-s" />
					<Add library="sfml-graphics-s" />
					<Add library="sfml-network-s" />
					<Add library="sfml-window-s" />
					<Add library="sfml-system-s" />
					<Add library="openal" />
					<Add library="sndfile" />
					<Add library="freetype" />
					<Add library="GLU" />
					<Add library="GL" />
					<Add library="X11" />
					<Add library="Xrandr" />
					<Add directory="lib/Unix" />
				</Linker>
			</Target>
		</Build>
		<Compiler>
			<Add option="-Wall" />
		</Compiler>
		<Unit filename="src/case.cpp" />
		<Unit filename="src/case.hpp" />
		<Unit filename="src/core.cpp" />
		<Unit filename="src/core.hpp" />
		<Unit filename="src/entity.cpp" />
		<Unit filename="src/entity.hpp" />
		<Unit filename="src/graph.cpp" />
		<Unit filename="src/graph.hpp" />
		<Unit filename="src/main.cpp" />
		<Extensions>
			<code_completion />
			<envvars />
			<lib_finder disable_auto="1" />
			<debugger />
		</Extensions>
	</Project>
</CodeBlocks_project_file>
